
Microsoft Visual Studio Solution File, Format Version 12.00
# Visual Studio Version 17
VisualStudioVersion = 17.0.32014.148
MinimumVisualStudioVersion = 10.0.40219.1
Project("{888888A0-9F3D-457C-B088-3A5042F75D52}") = "FeatureCollectionApp", "FeatureCollectionApp\FeatureCollectionApp.pyproj", "{DB84ED35-00D7-4CC4-B73B-15F1621B556C}"
EndProject
Project("{888888A0-9F3D-457C-B088-3A5042F75D52}") = "CommonToolsPy", "CommonToolsPy\CommonToolsPy.pyproj", "{7DB5E4C8-9E79-41FC-AE9A-67C72BE60BD4}"
EndProject
Project("{888888A0-9F3D-457C-B088-3A5042F75D52}") = "FeatureEngineering", "FeatureEngineering\FeatureEngineering.pyproj", "{7265B8E0-1DC5-4FE0-A654-E9C4523B7A8D}"
EndProject
Project("{888888A0-9F3D-457C-B088-3A5042F75D52}") = "Models", "Models\Models.pyproj", "{97232773-19C7-4ADD-9362-9269985A84CC}"
EndProject
Project("{888888A0-9F3D-457C-B088-3A5042F75D52}") = "Experiments", "Experiments\Experiments.pyproj", "{35B127DB-9C87-41C3-A9A0-84B432EA764B}"
EndProject
Project("{888888A0-9F3D-457C-B088-3A5042F75D52}") = "SampleGeneration", "SampleGeneration\SampleGeneration.pyproj", "{6405F87E-AF59-4A5A-9D02-19476F5EAB2A}"
EndProject
Global
	GlobalSection(SolutionConfigurationPlatforms) = preSolution
		Debug|Any CPU = Debug|Any CPU
		Release|Any CPU = Release|Any CPU
	EndGlobalSection
	GlobalSection(ProjectConfigurationPlatforms) = postSolution
		{DB84ED35-00D7-4CC4-B73B-15F1621B556C}.Debug|Any CPU.ActiveCfg = Debug|Any CPU
		{DB84ED35-00D7-4CC4-B73B-15F1621B556C}.Release|Any CPU.ActiveCfg = Release|Any CPU
		{7DB5E4C8-9E79-41FC-AE9A-67C72BE60BD4}.Debug|Any CPU.ActiveCfg = Debug|Any CPU
		{7DB5E4C8-9E79-41FC-AE9A-67C72BE60BD4}.Release|Any CPU.ActiveCfg = Release|Any CPU
		{7265B8E0-1DC5-4FE0-A654-E9C4523B7A8D}.Debug|Any CPU.ActiveCfg = Debug|Any CPU
		{7265B8E0-1DC5-4FE0-A654-E9C4523B7A8D}.Release|Any CPU.ActiveCfg = Release|Any CPU
		{97232773-19C7-4ADD-9362-9269985A84CC}.Debug|Any CPU.ActiveCfg = Debug|Any CPU
		{97232773-19C7-4ADD-9362-9269985A84CC}.Release|Any CPU.ActiveCfg = Release|Any CPU
		{35B127DB-9C87-41C3-A9A0-84B432EA764B}.Debug|Any CPU.ActiveCfg = Debug|Any CPU
		{35B127DB-9C87-41C3-A9A0-84B432EA764B}.Release|Any CPU.ActiveCfg = Release|Any CPU
		{6405F87E-AF59-4A5A-9D02-19476F5EAB2A}.Debug|Any CPU.ActiveCfg = Debug|Any CPU
		{6405F87E-AF59-4A5A-9D02-19476F5EAB2A}.Release|Any CPU.ActiveCfg = Release|Any CPU
	EndGlobalSection
	GlobalSection(SolutionProperties) = preSolution
		HideSolutionNode = FALSE
	EndGlobalSection
	GlobalSection(ExtensibilityGlobals) = postSolution
		SolutionGuid = {6ACC1F1B-8C74-43E8-8FD2-C643A5BF064E}
	EndGlobalSection
EndGlobal
